
Microsoft Visual Studio Solution File, Format Version 12.00
Project("{FAE04EC0-301F-11D3-BF4B-00C04F79EFBC}") = "WhatsNew", "WhatsNew\WhatsNew.csproj", "{4E8E897F-03DD-42E2-B64F-4E1CB004D6FF}"
EndProject
Project("{FAE04EC0-301F-11D3-BF4B-00C04F79EFBC}") = "WhatsNew.Tests", "WhatsNew.Tests\WhatsNew.Tests.csproj", "{4DF68F97-85C7-4F4D-9D46-AB0E8F1E7F07}"
EndProject
Global
	GlobalSection(SolutionConfigurationPlatforms) = preSolution
		Debug|Any CPU = Debug|Any CPU
		Release|Any CPU = Release|Any CPU
	EndGlobalSection
	GlobalSection(ProjectConfigurationPlatforms) = postSolution
		{4E8E897F-03DD-42E2-B64F-4E1CB004D6FF}.Debug|Any CPU.ActiveCfg = Debug|Any CPU
		{4E8E897F-03DD-42E2-B64F-4E1CB004D6FF}.Debug|Any CPU.Build.0 = Debug|Any CPU
		{4E8E897F-03DD-42E2-B64F-4E1CB004D6FF}.Release|Any CPU.ActiveCfg = Release|Any CPU
		{4E8E897F-03DD-42E2-B64F-4E1CB004D6FF}.Release|Any CPU.Build.0 = Release|Any CPU
		{4DF68F97-85C7-4F4D-9D46-AB0E8F1E7F07}.Debug|Any CPU.ActiveCfg = Debug|Any CPU
		{4DF68F97-85C7-4F4D-9D46-AB0E8F1E7F07}.Debug|Any CPU.Build.0 = Debug|Any CPU
		{4DF68F97-85C7-4F4D-9D46-AB0E8F1E7F07}.Release|Any CPU.ActiveCfg = Release|Any CPU
		{4DF68F97-85C7-4F4D-9D46-AB0E8F1E7F07}.Release|Any CPU.Build.0 = Release|Any CPU
	EndGlobalSection
EndGlobal
